
Microsoft Visual Studio Solution File, Format Version 12.00
# Visual Studio Version 17
VisualStudioVersion = 17.9.34728.123
MinimumVisualStudioVersion = 10.0.40219.1
Project("{FAE04EC0-301F-11D3-BF4B-00C04F79EFBC}") = "BookEx2", "BookEx2\BookEx2.csproj", "{05772279-260F-4BF2-A40E-0FD54524D66D}"
EndProject
Global
	GlobalSection(SolutionConfigurationPlatforms) = preSolution
		Debug|Any CPU = Debug|Any CPU
		Release|Any CPU = Release|Any CPU
	EndGlobalSection
	GlobalSection(ProjectConfigurationPlatforms) = postSolution
		{05772279-260F-4BF2-A40E-0FD54524D66D}.Debug|Any CPU.ActiveCfg = Debug|Any CPU
		{05772279-260F-4BF2-A40E-0FD54524D66D}.Debug|Any CPU.Build.0 = Debug|Any CPU
		{05772279-260F-4BF2-A40E-0FD54524D66D}.Release|Any CPU.ActiveCfg = Release|Any CPU
		{05772279-260F-4BF2-A40E-0FD54524D66D}.Release|Any CPU.Build.0 = Release|Any CPU
	EndGlobalSection
	GlobalSection(SolutionProperties) = preSolution
		HideSolutionNode = FALSE
	EndGlobalSection
	GlobalSection(ExtensibilityGlobals) = postSolution
		SolutionGuid = {9CA92E57-DDB4-43C8-B8C5-F350272A7AE5}
	EndGlobalSection
EndGlobal
